// !$*UTF8*$!
{
	archiveVersion = 1;
	classes = {
	};
	objectVersion = 48;
	objects = {

/* Begin PBXBuildFile section */
		C33039301FC057AD00852B4F /* AppDelegate.swift in Sources */ = {isa = PBXBuildFile; fileRef = C330392F1FC057AD00852B4F /* AppDelegate.swift */; };
		C33039321FC057AD00852B4F /* ViewController.swift in Sources */ = {isa = PBXBuildFile; fileRef = C33039311FC057AD00852B4F /* ViewController.swift */; };
		C33039351FC057AD00852B4F /* Main.storyboard in Resources */ = {isa = PBXBuildFile; fileRef = C33039331FC057AD00852B4F /* Main.storyboard */; };
		C33039371FC057AD00852B4F /* Assets.xcassets in Resources */ = {isa = PBXBuildFile; fileRef = C33039361FC057AD00852B4F /* Assets.xcassets */; };
		C330393A1FC057AD00852B4F /* LaunchScreen.storyboard in Resources */ = {isa = PBXBuildFile; fileRef = C33039381FC057AD00852B4F /* LaunchScreen.storyboard */; };
		C33039451FC057AD00852B4F /* ChallengeTests.swift in Sources */ = {isa = PBXBuildFile; fileRef = C33039441FC057AD00852B4F /* ChallengeTests.swift */; };
		C33039501FC057AD00852B4F /* ChallengeUITests.swift in Sources */ = {isa = PBXBuildFile; fileRef = C330394F1FC057AD00852B4F /* ChallengeUITests.swift */; };
/* End PBXBuildFile section */

/* Begin PBXContainerItemProxy section */
		C33039411FC057AD00852B4F /* PBXContainerItemProxy */ = {
			isa = PBXContainerItemProxy;
			containerPortal = C33039241FC057AD00852B4F /* Project object */;
			proxyType = 1;
			remoteGlobalIDString = C330392B1FC057AD00852B4F;
			remoteInfo = Challenge;
		};
		C330394C1FC057AD00852B4F /* PBXContainerItemProxy */ = {
			isa = PBXContainerItemProxy;
			containerPortal = C33039241FC057AD00852B4F /* Project object */;
			proxyType = 1;
			remoteGlobalIDString = C330392B1FC057AD00852B4F;
			remoteInfo = Challenge;
		};
/* End PBXContainerItemProxy section */

/* Begin PBXFileReference section */
		C330392C1FC057AD00852B4F /* Challenge.app */ = {isa = PBXFileReference; explicitFileType = wrapper.application; includeInIndex = 0; path = Challenge.app; sourceTree = BUILT_PRODUCTS_DIR; };
		C330392F1FC057AD00852B4F /* AppDelegate.swift */ = {isa = PBXFileReference; lastKnownFileType = sourcecode.swift; path = AppDelegate.swift; sourceTree = "<group>"; };
		C33039311FC057AD00852B4F /* ViewController.swift */ = {isa = PBXFileReference; lastKnownFileType = sourcecode.swift; path = ViewController.swift; sourceTree = "<group>"; };
		C33039341FC057AD00852B4F /* Base */ = {isa = PBXFileReference; lastKnownFileType = file.storyboard; name = Base; path = Base.lproj/Main.storyboard; sourceTree = "<group>"; };
		C33039361FC057AD00852B4F /* Assets.xcassets */ = {isa = PBXFileReference; lastKnownFileType = folder.assetcatalog; path = Assets.xcassets; sourceTree = "<group>"; };
		C33039391FC057AD00852B4F /* Base */ = {isa = PBXFileReference; lastKnownFileType = file.storyboard; name = Base; path = Base.lproj/LaunchScreen.storyboard; sourceTree = "<group>"; };
		C330393B1FC057AD00852B4F /* Info.plist */ = {isa = PBXFileReference; lastKnownFileType = text.plist.xml; path = Info.plist; sourceTree = "<group>"; };
		C33039401FC057AD00852B4F /* ChallengeTests.xctest */ = {isa = PBXFileReference; explicitFileType = wrapper.cfbundle; includeInIndex = 0; path = ChallengeTests.xctest; sourceTree = BUILT_PRODUCTS_DIR; };
		C33039441FC057AD00852B4F /* ChallengeTests.swift */ = {isa = PBXFileReference; lastKnownFileType = sourcecode.swift; path = ChallengeTests.swift; sourceTree = "<group>"; };
		C33039461FC057AD00852B4F /* Info.plist */ = {isa = PBXFileReference; lastKnownFileType = text.plist.xml; path = Info.plist; sourceTree = "<group>"; };
		C330394B1FC057AD00852B4F /* ChallengeUITests.xctest */ = {isa = PBXFileReference; explicitFileType = wrapper.cfbundle; includeInIndex = 0; path = ChallengeUITests.xctest; sourceTree = BUILT_PRODUCTS_DIR; };
		C330394F1FC057AD00852B4F /* ChallengeUITests.swift */ = {isa = PBXFileReference; lastKnownFileType = sourcecode.swift; path = ChallengeUITests.swift; sourceTree = "<group>"; };
		C33039511FC057AD00852B4F /* Info.plist */ = {isa = PBXFileReference; lastKnownFileType = text.plist.xml; path = Info.plist; sourceTree = "<group>"; };
/* End PBXFileReference section */

/* Begin PBXFrameworksBuildPhase section */
		C33039291FC057AD00852B4F /* Frameworks */ = {
			isa = PBXFrameworksBuildPhase;
			buildActionMask = 2147483647;
			files = (
			);
			runOnlyForDeploymentPostprocessing = 0;
		};
		C330393D1FC057AD00852B4F /* Frameworks */ = {
			isa = PBXFrameworksBuildPhase;
			buildActionMask = 2147483647;
			files = (
			);
			runOnlyForDeploymentPostprocessing = 0;
		};
		C33039481FC057AD00852B4F /* Frameworks */ = {
			isa = PBXFrameworksBuildPhase;
			buildActionMask = 2147483647;
			files = (
			);
			runOnlyForDeploymentPostprocessing = 0;
		};
/* End PBXFrameworksBuildPhase section */

/* Begin PBXGroup section */
		C33039231FC057AD00852B4F = {
			isa = PBXGroup;
			children = (
				C330392E1FC057AD00852B4F /* Challenge */,
				C33039431FC057AD00852B4F /* ChallengeTests */,
				C330394E1FC057AD00852B4F /* ChallengeUITests */,
				C330392D1FC057AD00852B4F /* Products */,
			);
			sourceTree = "<group>";
		};
		C330392D1FC057AD00852B4F /* Products */ = {
			isa = PBXGroup;
			children = (
				C330392C1FC057AD00852B4F /* Challenge.app */,
				C33039401FC057AD00852B4F /* ChallengeTests.xctest */,
				C330394B1FC057AD00852B4F /* ChallengeUITests.xctest */,
			);
			name = Products;
			sourceTree = "<group>";
		};
		C330392E1FC057AD00852B4F /* Challenge */ = {
			isa = PBXGroup;
			children = (
				C330392F1FC057AD00852B4F /* AppDelegate.swift */,
				C33039311FC057AD00852B4F /* ViewController.swift */,
				C33039331FC057AD00852B4F /* Main.storyboard */,
				C33039361FC057AD00852B4F /* Assets.xcassets */,
				C33039381FC057AD00852B4F /* LaunchScreen.storyboard */,
				C330393B1FC057AD00852B4F /* Info.plist */,
			);
			path = Challenge;
			sourceTree = "<group>";
		};
		C33039431FC057AD00852B4F /* ChallengeTests */ = {
			isa = PBXGroup;
			children = (
				C33039441FC057AD00852B4F /* ChallengeTests.swift */,
				C33039461FC057AD00852B4F /* Info.plist */,
			);
			path = ChallengeTests;
			sourceTree = "<group>";
		};
		C330394E1FC057AD00852B4F /* ChallengeUITests */ = {
			isa = PBXGroup;
			children = (
				C330394F1FC057AD00852B4F /* ChallengeUITests.swift */,
				C33039511FC057AD00852B4F /* Info.plist */,
			);
			path = ChallengeUITests;
			sourceTree = "<group>";
		};
/* End PBXGroup section */

/* Begin PBXNativeTarget section */
		C330392B1FC057AD00852B4F /* Challenge */ = {
			isa = PBXNativeTarget;
			buildConfigurationList = C33039541FC057AD00852B4F /* Build configuration list for PBXNativeTarget "Challenge" */;
			buildPhases = (
				C33039281FC057AD00852B4F /* Sources */,
				C33039291FC057AD00852B4F /* Frameworks */,
				C330392A1FC057AD00852B4F /* Resources */,
			);
			buildRules = (
			);
			dependencies = (
			);
			name = Challenge;
			productName = Challenge;
			productReference = C330392C1FC057AD00852B4F /* Challenge.app */;
			productType = "com.apple.product-type.application";
		};
		C330393F1FC057AD00852B4F /* ChallengeTests */ = {
			isa = PBXNativeTarget;
			buildConfigurationList = C33039571FC057AD00852B4F /* Build configuration list for PBXNativeTarget "ChallengeTests" */;
			buildPhases = (
				C330393C1FC057AD00852B4F /* Sources */,
				C330393D1FC057AD00852B4F /* Frameworks */,
				C330393E1FC057AD00852B4F /* Resources */,
			);
			buildRules = (
			);
			dependencies = (
				C33039421FC057AD00852B4F /* PBXTargetDependency */,
			);
			name = ChallengeTests;
			productName = ChallengeTests;
			productReference = C33039401FC057AD00852B4F /* ChallengeTests.xctest */;
			productType = "com.apple.product-type.bundle.unit-test";
		};
		C330394A1FC057AD00852B4F /* ChallengeUITests */ = {
			isa = PBXNativeTarget;
			buildConfigurationList = C330395A1FC057AD00852B4F /* Build configuration list for PBXNativeTarget "ChallengeUITests" */;
			buildPhases = (
				C33039471FC057AD00852B4F /* Sources */,
				C33039481FC057AD00852B4F /* Frameworks */,
				C33039491FC057AD00852B4F /* Resources */,
			);
			buildRules = (
			);
			dependencies = (
				C330394D1FC057AD00852B4F /* PBXTargetDependency */,
			);
			name = ChallengeUITests;
			productName = ChallengeUITests;
			productReference = C330394B1FC057AD00852B4F /* ChallengeUITests.xctest */;
			productType = "com.apple.product-type.bundle.ui-testing";
		};
/* End PBXNativeTarget section */

/* Begin PBXProject section */
		C33039241FC057AD00852B4F /* Project object */ = {
			isa = PBXProject;
			attributes = {
				LastSwiftUpdateCheck = 0910;
				LastUpgradeCheck = 0910;
				ORGANIZATIONNAME = ToceTwice;
				TargetAttributes = {
					C330392B1FC057AD00852B4F = {
						CreatedOnToolsVersion = 9.1;
						ProvisioningStyle = Automatic;
					};
					C330393F1FC057AD00852B4F = {
						CreatedOnToolsVersion = 9.1;
						ProvisioningStyle = Automatic;
						TestTargetID = C330392B1FC057AD00852B4F;
					};
					C330394A1FC057AD00852B4F = {
						CreatedOnToolsVersion = 9.1;
						ProvisioningStyle = Automatic;
						TestTargetID = C330392B1FC057AD00852B4F;
					};
				};
			};
			buildConfigurationList = C33039271FC057AD00852B4F /* Build configuration list for PBXProject "Challenge" */;
			compatibilityVersion = "Xcode 8.0";
			developmentRegion = en;
			hasScannedForEncodings = 0;
			knownRegions = (
				en,
				Base,
			);
			mainGroup = C33039231FC057AD00852B4F;
			productRefGroup = C330392D1FC057AD00852B4F /* Products */;
			projectDirPath = "";
			projectRoot = "";
			targets = (
				C330392B1FC057AD00852B4F /* Challenge */,
				C330393F1FC057AD00852B4F /* ChallengeTests */,
				C330394A1FC057AD00852B4F /* ChallengeUITests */,
			);
		};
/* End PBXProject section */

/* Begin PBXResourcesBuildPhase section */
		C330392A1FC057AD00852B4F /* Resources */ = {
			isa = PBXResourcesBuildPhase;
			buildActionMask = 2147483647;
			files = (
				C330393A1FC057AD00852B4F /* LaunchScreen.storyboard in Resources */,
				C33039371FC057AD00852B4F /* Assets.xcassets in Resources */,
				C33039351FC057AD00852B4F /* Main.storyboard in Resources */,
			);
			runOnlyForDeploymentPostprocessing = 0;
		};
		C330393E1FC057AD00852B4F /* Resources */ = {
			isa = PBXResourcesBuildPhase;
			buildActionMask = 2147483647;
			files = (
			);
			runOnlyForDeploymentPostprocessing = 0;
		};
		C33039491FC057AD00852B4F /* Resources */ = {
			isa = PBXResourcesBuildPhase;
			buildActionMask = 2147483647;
			files = (
			);
			runOnlyForDeploymentPostprocessing = 0;
		};
/* End PBXResourcesBuildPhase section */

/* Begin PBXSourcesBuildPhase section */
		C33039281FC057AD00852B4F /* Sources */ = {
			isa = PBXSourcesBuildPhase;
			buildActionMask = 2147483647;
			files = (
				C33039321FC057AD00852B4F /* ViewController.swift in Sources */,
				C33039301FC057AD00852B4F /* AppDelegate.swift in Sources */,
			);
			runOnlyForDeploymentPostprocessing = 0;
		};
		C330393C1FC057AD00852B4F /* Sources */ = {
			isa = PBXSourcesBuildPhase;
			buildActionMask = 2147483647;
			files = (
				C33039451FC057AD00852B4F /* ChallengeTests.swift in Sources */,
			);
			runOnlyForDeploymentPostprocessing = 0;
		};
		C33039471FC057AD00852B4F /* Sources */ = {
			isa = PBXSourcesBuildPhase;
			buildActionMask = 2147483647;
			files = (
				C33039501FC057AD00852B4F /* ChallengeUITests.swift in Sources */,
			);
			runOnlyForDeploymentPostprocessing = 0;
		};
/* End PBXSourcesBuildPhase section */

/* Begin PBXTargetDependency section */
		C33039421FC057AD00852B4F /* PBXTargetDependency */ = {
			isa = PBXTargetDependency;
			target = C330392B1FC057AD00852B4F /* Challenge */;
			targetProxy = C33039411FC057AD00852B4F /* PBXContainerItemProxy */;
		};
		C330394D1FC057AD00852B4F /* PBXTargetDependency */ = {
			isa = PBXTargetDependency;
			target = C330392B1FC057AD00852B4F /* Challenge */;
			targetProxy = C330394C1FC057AD00852B4F /* PBXContainerItemProxy */;
		};
/* End PBXTargetDependency section */

/* Begin PBXVariantGroup section */
		C33039331FC057AD00852B4F /* Main.storyboard */ = {
			isa = PBXVariantGroup;
			children = (
				C33039341FC057AD00852B4F /* Base */,
			);
			name = Main.storyboard;
			sourceTree = "<group>";
		};
		C33039381FC057AD00852B4F /* LaunchScreen.storyboard */ = {
			isa = PBXVariantGroup;
			children = (
				C33039391FC057AD00852B4F /* Base */,
			);
			name = LaunchScreen.storyboard;
			sourceTree = "<group>";
		};
/* End PBXVariantGroup section */

/* Begin XCBuildConfiguration section */
		C33039521FC057AD00852B4F /* Debug */ = {
			isa = XCBuildConfiguration;
			buildSettings = {
				ALWAYS_SEARCH_USER_PATHS = NO;
				CLANG_ANALYZER_NONNULL = YES;
				CLANG_ANALYZER_NUMBER_OBJECT_CONVERSION = YES_AGGRESSIVE;
				CLANG_CXX_LANGUAGE_STANDARD = "gnu++14";
				CLANG_CXX_LIBRARY = "libc++";
				CLANG_ENABLE_MODULES = YES;
				CLANG_ENABLE_OBJC_ARC = YES;
				CLANG_WARN_BLOCK_CAPTURE_AUTORELEASING = YES;
				CLANG_WARN_BOOL_CONVERSION = YES;
				CLANG_WARN_COMMA = YES;
				CLANG_WARN_CONSTANT_CONVERSION = YES;
				CLANG_WARN_DIRECT_OBJC_ISA_USAGE = YES_ERROR;
				CLANG_WARN_DOCUMENTATION_COMMENTS = YES;
				CLANG_WARN_EMPTY_BODY = YES;
				CLANG_WARN_ENUM_CONVERSION = YES;
				CLANG_WARN_INFINITE_RECURSION = YES;
				CLANG_WARN_INT_CONVERSION = YES;
				CLANG_WARN_NON_LITERAL_NULL_CONVERSION = YES;
				CLANG_WARN_OBJC_LITERAL_CONVERSION = YES;
				CLANG_WARN_OBJC_ROOT_CLASS = YES_ERROR;
				CLANG_WARN_RANGE_LOOP_ANALYSIS = YES;
				CLANG_WARN_STRICT_PROTOTYPES = YES;
				CLANG_WARN_SUSPICIOUS_MOVE = YES;
				CLANG_WARN_UNGUARDED_AVAILABILITY = YES_AGGRESSIVE;
				CLANG_WARN_UNREACHABLE_CODE = YES;
				CLANG_WARN__DUPLICATE_METHOD_MATCH = YES;
				CODE_SIGN_IDENTITY = "iPhone Developer";
				COPY_PHASE_STRIP = NO;
				DEBUG_INFORMATION_FORMAT = dwarf;
				ENABLE_STRICT_OBJC_MSGSEND = YES;
				ENABLE_TESTABILITY = YES;
				GCC_C_LANGUAGE_STANDARD = gnu11;
				GCC_DYNAMIC_NO_PIC = NO;
				GCC_NO_COMMON_BLOCKS = YES;
				GCC_OPTIMIZATION_LEVEL = 0;
				GCC_PREPROCESSOR_DEFINITIONS = (
					"DEBUG=1",
					"$(inherited)",
				);
				GCC_WARN_64_TO_32_BIT_CONVERSION = YES;
				GCC_WARN_ABOUT_RETURN_TYPE = YES_ERROR;
				GCC_WARN_UNDECLARED_SELECTOR = YES;
				GCC_WARN_UNINITIALIZED_AUTOS = YES_AGGRESSIVE;
				GCC_WARN_UNUSED_FUNCTION = YES;
				GCC_WARN_UNUSED_VARIABLE = YES;
				IPHONEOS_DEPLOYMENT_TARGET = 11.1;
				MTL_ENABLE_DEBUG_INFO = YES;
				ONLY_ACTIVE_ARCH = YES;
				SDKROOT = iphoneos;
				SWIFT_ACTIVE_COMPILATION_CONDITIONS = DEBUG;
				SWIFT_OPTIMIZATION_LEVEL = "-Onone";
			};
			name = Debug;
		};
		C33039531FC057AD00852B4F /* Release */ = {
			isa = XCBuildConfiguration;
			buildSettings = {
				ALWAYS_SEARCH_USER_PATHS = NO;
				CLANG_ANALYZER_NONNULL = YES;
				CLANG_ANALYZER_NUMBER_OBJECT_CONVERSION = YES_AGGRESSIVE;
				CLANG_CXX_LANGUAGE_STANDARD = "gnu++14";
				CLANG_CXX_LIBRARY = "libc++";
				CLANG_ENABLE_MODULES = YES;
				CLANG_ENABLE_OBJC_ARC = YES;
				CLANG_WARN_BLOCK_CAPTURE_AUTORELEASING = YES;
				CLANG_WARN_BOOL_CONVERSION = YES;
				CLANG_WARN_COMMA = YES;
				CLANG_WARN_CONSTANT_CONVERSION = YES;
				CLANG_WARN_DIRECT_OBJC_ISA_USAGE = YES_ERROR;
				CLANG_WARN_DOCUMENTATION_COMMENTS = YES;
				CLANG_WARN_EMPTY_BODY = YES;
				CLANG_WARN_ENUM_CONVERSION = YES;
				CLANG_WARN_INFINITE_RECURSION = YES;
				CLANG_WARN_INT_CONVERSION = YES;
				CLANG_WARN_NON_LITERAL_NULL_CONVERSION = YES;
				CLANG_WARN_OBJC_LITERAL_CONVERSION = YES;
				CLANG_WARN_OBJC_ROOT_CLASS = YES_ERROR;
				CLANG_WARN_RANGE_LOOP_ANALYSIS = YES;
				CLANG_WARN_STRICT_PROTOTYPES = YES;
				CLANG_WARN_SUSPICIOUS_MOVE = YES;
				CLANG_WARN_UNGUARDED_AVAILABILITY = YES_AGGRESSIVE;
				CLANG_WARN_UNREACHABLE_CODE = YES;
				CLANG_WARN__DUPLICATE_METHOD_MATCH = YES;
				CODE_SIGN_IDENTITY = "iPhone Developer";
				COPY_PHASE_STRIP = NO;
				DEBUG_INFORMATION_FORMAT = "dwarf-with-dsym";
				ENABLE_NS_ASSERTIONS = NO;
				ENABLE_STRICT_OBJC_MSGSEND = YES;
				GCC_C_LANGUAGE_STANDARD = gnu11;
				GCC_NO_COMMON_BLOCKS = YES;
				GCC_WARN_64_TO_32_BIT_CONVERSION = YES;
				GCC_WARN_ABOUT_RETURN_TYPE = YES_ERROR;
				GCC_WARN_UNDECLARED_SELECTOR = YES;
				GCC_WARN_UNINITIALIZED_AUTOS = YES_AGGRESSIVE;
				GCC_WARN_UNUSED_FUNCTION = YES;
				GCC_WARN_UNUSED_VARIABLE = YES;
				IPHONEOS_DEPLOYMENT_TARGET = 11.1;
				MTL_ENABLE_DEBUG_INFO = NO;
				SDKROOT = iphoneos;
				SWIFT_OPTIMIZATION_LEVEL = "-Owholemodule";
				VALIDATE_PRODUCT = YES;
			};
			name = Release;
		};
		C33039551FC057AD00852B4F /* Debug */ = {
			isa = XCBuildConfiguration;
			buildSettings = {
				ASSETCATALOG_COMPILER_APPICON_NAME = AppIcon;
				CODE_SIGN_STYLE = Automatic;
				INFOPLIST_FILE = Challenge/Info.plist;
				LD_RUNPATH_SEARCH_PATHS = "$(inherited) @executable_path/Frameworks";
				PRODUCT_BUNDLE_IDENTIFIER = ToceTwice.Challenge;
				PRODUCT_NAME = "$(TARGET_NAME)";
				SWIFT_VERSION = 4.0;
				TARGETED_DEVICE_FAMILY = "1,2";
			};
			name = Debug;
		};
		C33039561FC057AD00852B4F /* Release */ = {
			isa = XCBuildConfiguration;
			buildSettings = {
				ASSETCATALOG_COMPILER_APPICON_NAME = AppIcon;
				CODE_SIGN_STYLE = Automatic;
				INFOPLIST_FILE = Challenge/Info.plist;
				LD_RUNPATH_SEARCH_PATHS = "$(inherited) @executable_path/Frameworks";
				PRODUCT_BUNDLE_IDENTIFIER = ToceTwice.Challenge;
				PRODUCT_NAME = "$(TARGET_NAME)";
				SWIFT_VERSION = 4.0;
				TARGETED_DEVICE_FAMILY = "1,2";
			};
			name = Release;
		};
		C33039581FC057AD00852B4F /* Debug */ = {
			isa = XCBuildConfiguration;
			buildSettings = {
				ALWAYS_EMBED_SWIFT_STANDARD_LIBRARIES = YES;
				BUNDLE_LOADER = "$(TEST_HOST)";
				CODE_SIGN_STYLE = Automatic;
				INFOPLIST_FILE = ChallengeTests/Info.plist;
				LD_RUNPATH_SEARCH_PATHS = "$(inherited) @executable_path/Frameworks @loader_path/Frameworks";
				PRODUCT_BUNDLE_IDENTIFIER = ToceTwice.ChallengeTests;
				PRODUCT_NAME = "$(TARGET_NAME)";
				SWIFT_VERSION = 4.0;
				TARGETED_DEVICE_FAMILY = "1,2";
				TEST_HOST = "$(BUILT_PRODUCTS_DIR)/Challenge.app/Challenge";
			};
			name = Debug;
		};
		C33039591FC057AD00852B4F /* Release */ = {
			isa = XCBuildConfiguration;
			buildSettings = {
				ALWAYS_EMBED_SWIFT_STANDARD_LIBRARIES = YES;
				BUNDLE_LOADER = "$(TEST_HOST)";
				CODE_SIGN_STYLE = Automatic;
				INFOPLIST_FILE = ChallengeTests/Info.plist;
				LD_RUNPATH_SEARCH_PATHS = "$(inherited) @executable_path/Frameworks @loader_path/Frameworks";
				PRODUCT_BUNDLE_IDENTIFIER = ToceTwice.ChallengeTests;
				PRODUCT_NAME = "$(TARGET_NAME)";
				SWIFT_VERSION = 4.0;
				TARGETED_DEVICE_FAMILY = "1,2";
				TEST_HOST = "$(BUILT_PRODUCTS_DIR)/Challenge.app/Challenge";
			};
			name = Release;
		};
		C330395B1FC057AD00852B4F /* Debug */ = {
			isa = XCBuildConfiguration;
			buildSettings = {
				ALWAYS_EMBED_SWIFT_STANDARD_LIBRARIES = YES;
				CODE_SIGN_STYLE = Automatic;
				INFOPLIST_FILE = ChallengeUITests/Info.plist;
				LD_RUNPATH_SEARCH_PATHS = "$(inherited) @executable_path/Frameworks @loader_path/Frameworks";
				PRODUCT_BUNDLE_IDENTIFIER = ToceTwice.ChallengeUITests;
				PRODUCT_NAME = "$(TARGET_NAME)";
				SWIFT_VERSION = 4.0;
				TARGETED_DEVICE_FAMILY = "1,2";
				TEST_TARGET_NAME = Challenge;
			};
			name = Debug;
		};
		C330395C1FC057AD00852B4F /* Release */ = {
			isa = XCBuildConfiguration;
			buildSettings = {
				ALWAYS_EMBED_SWIFT_STANDARD_LIBRARIES = YES;
				CODE_SIGN_STYLE = Automatic;
				INFOPLIST_FILE = ChallengeUITests/Info.plist;
				LD_RUNPATH_SEARCH_PATHS = "$(inherited) @executable_path/Frameworks @loader_path/Frameworks";
				PRODUCT_BUNDLE_IDENTIFIER = ToceTwice.ChallengeUITests;
				PRODUCT_NAME = "$(TARGET_NAME)";
				SWIFT_VERSION = 4.0;
				TARGETED_DEVICE_FAMILY = "1,2";
				TEST_TARGET_NAME = Challenge;
			};
			name = Release;
		};
/* End XCBuildConfiguration section */

/* Begin XCConfigurationList section */
		C33039271FC057AD00852B4F /* Build configuration list for PBXProject "Challenge" */ = {
			isa = XCConfigurationList;
			buildConfigurations = (
				C33039521FC057AD00852B4F /* Debug */,
				C33039531FC057AD00852B4F /* Release */,
			);
			defaultConfigurationIsVisible = 0;
			defaultConfigurationName = Release;
		};
		C33039541FC057AD00852B4F /* Build configuration list for PBXNativeTarget "Challenge" */ = {
			isa = XCConfigurationList;
			buildConfigurations = (
				C33039551FC057AD00852B4F /* Debug */,
				C33039561FC057AD00852B4F /* Release */,
			);
			defaultConfigurationIsVisible = 0;
			defaultConfigurationName = Release;
		};
		C33039571FC057AD00852B4F /* Build configuration list for PBXNativeTarget "ChallengeTests" */ = {
			isa = XCConfigurationList;
			buildConfigurations = (
				C33039581FC057AD00852B4F /* Debug */,
				C33039591FC057AD00852B4F /* Release */,
			);
			defaultConfigurationIsVisible = 0;
			defaultConfigurationName = Release;
		};
		C330395A1FC057AD00852B4F /* Build configuration list for PBXNativeTarget "ChallengeUITests" */ = {
			isa = XCConfigurationList;
			buildConfigurations = (
				C330395B1FC057AD00852B4F /* Debug */,
				C330395C1FC057AD00852B4F /* Release */,
			);
			defaultConfigurationIsVisible = 0;
			defaultConfigurationName = Release;
		};
/* End XCConfigurationList section */
	};
	rootObject = C33039241FC057AD00852B4F /* Project object */;
}
